
Microsoft Visual Studio Solution File, Format Version 12.00
# Visual Studio 15
VisualStudioVersion = 15.0.27703.2018
MinimumVisualStudioVersion = 10.0.40219.1
Project("{FAE04EC0-301F-11D3-BF4B-00C04F79EFBC}") = "WindowsFormsApp7", "WindowsFormsApp7\WindowsFormsApp7.csproj", "{8307F6A4-C3AA-4786-8C5A-AB3B3401A58C}"
EndProject
Global
	GlobalSection(SolutionConfigurationPlatforms) = preSolution
		Debug|Any CPU = Debug|Any CPU
		Release|Any CPU = Release|Any CPU
	EndGlobalSection
	GlobalSection(ProjectConfigurationPlatforms) = postSolution
		{8307F6A4-C3AA-4786-8C5A-AB3B3401A58C}.Debug|Any CPU.ActiveCfg = Debug|Any CPU
		{8307F6A4-C3AA-4786-8C5A-AB3B3401A58C}.Debug|Any CPU.Build.0 = Debug|Any CPU
		{8307F6A4-C3AA-4786-8C5A-AB3B3401A58C}.Release|Any CPU.ActiveCfg = Release|Any CPU
		{8307F6A4-C3AA-4786-8C5A-AB3B3401A58C}.Release|Any CPU.Build.0 = Release|Any CPU
	EndGlobalSection
	GlobalSection(SolutionProperties) = preSolution
		HideSolutionNode = FALSE
	EndGlobalSection
	GlobalSection(ExtensibilityGlobals) = postSolution
		SolutionGuid = {D38FB00A-D9E2-4C68-840A-6F1124CEB6D8}
	EndGlobalSection
EndGlobal
